
Microsoft Visual Studio Solution File, Format Version 12.00
# Visual Studio Version 16
VisualStudioVersion = 16.0.31515.178
MinimumVisualStudioVersion = 10.0.40219.1
Project("{FAE04EC0-301F-11D3-BF4B-00C04F79EFBC}") = "MapleStoryQuestHelper", "MapleStoryQuestHelper\MapleStoryQuestHelper.csproj", "{8F531B28-15EF-4B8A-A783-CBD0311BB1B8}"
EndProject
Global
	GlobalSection(SolutionConfigurationPlatforms) = preSolution
		Debug|Any CPU = Debug|Any CPU
		Release|Any CPU = Release|Any CPU
	EndGlobalSection
	GlobalSection(ProjectConfigurationPlatforms) = postSolution
		{8F531B28-15EF-4B8A-A783-CBD0311BB1B8}.Debug|Any CPU.ActiveCfg = Debug|Any CPU
		{8F531B28-15EF-4B8A-A783-CBD0311BB1B8}.Debug|Any CPU.Build.0 = Debug|Any CPU
		{8F531B28-15EF-4B8A-A783-CBD0311BB1B8}.Release|Any CPU.ActiveCfg = Release|Any CPU
		{8F531B28-15EF-4B8A-A783-CBD0311BB1B8}.Release|Any CPU.Build.0 = Release|Any CPU
	EndGlobalSection
	GlobalSection(SolutionProperties) = preSolution
		HideSolutionNode = FALSE
	EndGlobalSection
	GlobalSection(ExtensibilityGlobals) = postSolution
		SolutionGuid = {3ED5D4C9-B913-4429-AEC6-6931517104E7}
	EndGlobalSection
EndGlobal
